
Microsoft Visual Studio Solution File, Format Version 12.00
# Visual Studio Version 16
VisualStudioVersion = 16.0.30804.86
MinimumVisualStudioVersion = 10.0.40219.1
Project("{9A19103F-16F7-4668-BE54-9A1E7A4F7556}") = "DataAccess", "DataAccess\DataAccess.csproj", "{16A067CA-2753-469B-AB1A-5D8695A6B3D2}"
EndProject
Project("{9A19103F-16F7-4668-BE54-9A1E7A4F7556}") = "Business", "Business\Business.csproj", "{237F03B4-D00E-4FEE-81FB-613CA28E7672}"
EndProject
Project("{9A19103F-16F7-4668-BE54-9A1E7A4F7556}") = "Entities", "Entities\Entities.csproj", "{340B11C6-9184-47A1-9F50-83450DE6FAFE}"
EndProject
Project("{9A19103F-16F7-4668-BE54-9A1E7A4F7556}") = "ConsoleUI", "ConsoleUI\ConsoleUI.csproj", "{25390D96-42B5-454D-9817-A32AB55EE70C}"
EndProject
Project("{9A19103F-16F7-4668-BE54-9A1E7A4F7556}") = "Core", "Core\Core.csproj", "{D3F97A00-26EA-4ABD-8A8C-EA70308E8B8A}"
EndProject
Project("{FAE04EC0-301F-11D3-BF4B-00C04F79EFBC}") = "WebAPI", "WebAPI\WebAPI.csproj", "{86E34A3F-3FF7-4C50-9D61-34A0A36A32C8}"
EndProject
Global
	GlobalSection(SolutionConfigurationPlatforms) = preSolution
		Debug|Any CPU = Debug|Any CPU
		Release|Any CPU = Release|Any CPU
	EndGlobalSection
	GlobalSection(ProjectConfigurationPlatforms) = postSolution
		{16A067CA-2753-469B-AB1A-5D8695A6B3D2}.Debug|Any CPU.ActiveCfg = Release|Any CPU
		{16A067CA-2753-469B-AB1A-5D8695A6B3D2}.Debug|Any CPU.Build.0 = Release|Any CPU
		{16A067CA-2753-469B-AB1A-5D8695A6B3D2}.Release|Any CPU.ActiveCfg = Release|Any CPU
		{16A067CA-2753-469B-AB1A-5D8695A6B3D2}.Release|Any CPU.Build.0 = Release|Any CPU
		{237F03B4-D00E-4FEE-81FB-613CA28E7672}.Debug|Any CPU.ActiveCfg = Release|Any CPU
		{237F03B4-D00E-4FEE-81FB-613CA28E7672}.Debug|Any CPU.Build.0 = Release|Any CPU
		{237F03B4-D00E-4FEE-81FB-613CA28E7672}.Release|Any CPU.ActiveCfg = Release|Any CPU
		{237F03B4-D00E-4FEE-81FB-613CA28E7672}.Release|Any CPU.Build.0 = Release|Any CPU
		{340B11C6-9184-47A1-9F50-83450DE6FAFE}.Debug|Any CPU.ActiveCfg = Release|Any CPU
		{340B11C6-9184-47A1-9F50-83450DE6FAFE}.Debug|Any CPU.Build.0 = Release|Any CPU
		{340B11C6-9184-47A1-9F50-83450DE6FAFE}.Release|Any CPU.ActiveCfg = Release|Any CPU
		{340B11C6-9184-47A1-9F50-83450DE6FAFE}.Release|Any CPU.Build.0 = Release|Any CPU
		{25390D96-42B5-454D-9817-A32AB55EE70C}.Debug|Any CPU.ActiveCfg = Release|Any CPU
		{25390D96-42B5-454D-9817-A32AB55EE70C}.Debug|Any CPU.Build.0 = Release|Any CPU
		{25390D96-42B5-454D-9817-A32AB55EE70C}.Release|Any CPU.ActiveCfg = Release|Any CPU
		{25390D96-42B5-454D-9817-A32AB55EE70C}.Release|Any CPU.Build.0 = Release|Any CPU
		{D3F97A00-26EA-4ABD-8A8C-EA70308E8B8A}.Debug|Any CPU.ActiveCfg = Release|Any CPU
		{D3F97A00-26EA-4ABD-8A8C-EA70308E8B8A}.Debug|Any CPU.Build.0 = Release|Any CPU
		{D3F97A00-26EA-4ABD-8A8C-EA70308E8B8A}.Release|Any CPU.ActiveCfg = Release|Any CPU
		{D3F97A00-26EA-4ABD-8A8C-EA70308E8B8A}.Release|Any CPU.Build.0 = Release|Any CPU
		{86E34A3F-3FF7-4C50-9D61-34A0A36A32C8}.Debug|Any CPU.ActiveCfg = Debug|Any CPU
		{86E34A3F-3FF7-4C50-9D61-34A0A36A32C8}.Debug|Any CPU.Build.0 = Debug|Any CPU
		{86E34A3F-3FF7-4C50-9D61-34A0A36A32C8}.Release|Any CPU.ActiveCfg = Release|Any CPU
		{86E34A3F-3FF7-4C50-9D61-34A0A36A32C8}.Release|Any CPU.Build.0 = Release|Any CPU
	EndGlobalSection
	GlobalSection(SolutionProperties) = preSolution
		HideSolutionNode = FALSE
	EndGlobalSection
	GlobalSection(ExtensibilityGlobals) = postSolution
		SolutionGuid = {6D13F5C7-0F28-43FB-BF02-6F6FD677A1E9}
	EndGlobalSection
EndGlobal
